// !$*UTF8*$!
{
	archiveVersion = 1;
	classes = {
	};
	objectVersion = 77;
	objects = {

/* Begin PBXBuildFile section */
		7BA8A9AE2FAA7B2200DD2D1C /* WidgetKit.framework in Frameworks */ = {isa = PBXBuildFile; fileRef = 7BA8A9AD2FAA7B2200DD2D1C /* WidgetKit.framework */; };
		7BA8A9B02FAA7B2200DD2D1C /* SwiftUI.framework in Frameworks */ = {isa = PBXBuildFile; fileRef = 7BA8A9AF2FAA7B2200DD2D1C /* SwiftUI.framework */; };
		7BA8A9C12FAA7B2300DD2D1C /* SpaghettiTimerWidgetExtension.appex in Embed Foundation Extensions */ = {isa = PBXBuildFile; fileRef = 7BA8A9AB2FAA7B2200DD2D1C /* SpaghettiTimerWidgetExtension.appex */; settings = {ATTRIBUTES = (RemoveHeadersOnCopy, ); }; };
/* End PBXBuildFile section */

/* Begin PBXContainerItemProxy section */
		7BA8A9BF2FAA7B2300DD2D1C /* PBXContainerItemProxy */ = {
			isa = PBXContainerItemProxy;
			containerPortal = 7BB56A582E3A2E54006CE2CC /* Project object */;
			proxyType = 1;
			remoteGlobalIDString = 7BA8A9AA2FAA7B2200DD2D1C;
			remoteInfo = SpaghettiTimerWidgetExtension;
		};
/* End PBXContainerItemProxy section */

/* Begin PBXCopyFilesBuildPhase section */
		7BA8A9C22FAA7B2300DD2D1C /* Embed Foundation Extensions */ = {
			isa = PBXCopyFilesBuildPhase;
			buildActionMask = 2147483647;
			dstPath = "";
			dstSubfolderSpec = 13;
			files = (
				7BA8A9C12FAA7B2300DD2D1C /* SpaghettiTimerWidgetExtension.appex in Embed Foundation Extensions */,
			);
			name = "Embed Foundation Extensions";
			runOnlyForDeploymentPostprocessing = 0;
		};
/* End PBXCopyFilesBuildPhase section */

/* Begin PBXFileReference section */
		7BA8A9AB2FAA7B2200DD2D1C /* SpaghettiTimerWidgetExtension.appex */ = {isa = PBXFileReference; explicitFileType = "wrapper.app-extension"; includeInIndex = 0; path = SpaghettiTimerWidgetExtension.appex; sourceTree = BUILT_PRODUCTS_DIR; };
		7BA8A9AD2FAA7B2200DD2D1C /* WidgetKit.framework */ = {isa = PBXFileReference; lastKnownFileType = wrapper.framework; name = WidgetKit.framework; path = System/Library/Frameworks/WidgetKit.framework; sourceTree = SDKROOT; };
		7BA8A9AF2FAA7B2200DD2D1C /* SwiftUI.framework */ = {isa = PBXFileReference; lastKnownFileType = wrapper.framework; name = SwiftUI.framework; path = System/Library/Frameworks/SwiftUI.framework; sourceTree = SDKROOT; };
		7BA8A9D62FAA7D0D00DD2D1C /* SpaghettiTimerWidgetExtension.entitlements */ = {isa = PBXFileReference; lastKnownFileType = text.plist.entitlements; path = SpaghettiTimerWidgetExtension.entitlements; sourceTree = "<group>"; };
		7BB56A602E3A2E54006CE2CC /* SpaghettiTimer.app */ = {isa = PBXFileReference; explicitFileType = wrapper.application; includeInIndex = 0; path = SpaghettiTimer.app; sourceTree = BUILT_PRODUCTS_DIR; };
/* End PBXFileReference section */

/* Begin PBXFileSystemSynchronizedBuildFileExceptionSet section */
		7BA8A9C52FAA7B2300DD2D1C /* Exceptions for "SpaghettiTimerWidget" folder in "SpaghettiTimerWidgetExtension" target */ = {
			isa = PBXFileSystemSynchronizedBuildFileExceptionSet;
			membershipExceptions = (
				Info.plist,
			);
			target = 7BA8A9AA2FAA7B2200DD2D1C /* SpaghettiTimerWidgetExtension */;
		};
		7BA8A9CE2FAA7C2700DD2D1C /* Exceptions for "SpaghettiTimer" folder in "SpaghettiTimerWidgetExtension" target */ = {
			isa = PBXFileSystemSynchronizedBuildFileExceptionSet;
			membershipExceptions = (
				Model/Entity/RunningTimer.swift,
				Model/Entity/TimerPreset.swift,
				Repository/Disc/PresetsRepo.swift,
				Repository/Disc/RunningTimersRepo.swift,
				Shared/AppGroup.swift,
				Shared/CancelTimerIntent.swift,
				Shared/PauseTimerIntent.swift,
				Shared/RepeatTimerIntent.swift,
				Shared/ResumeTimerIntent.swift,
				Shared/StartTimerIntent.swift,
				Shared/StopTimerIntent.swift,
				Shared/TimerActivityAttributes.swift,
			);
			target = 7BA8A9AA2FAA7B2200DD2D1C /* SpaghettiTimerWidgetExtension */;
		};
/* End PBXFileSystemSynchronizedBuildFileExceptionSet section */

/* Begin PBXFileSystemSynchronizedRootGroup section */
		7BA8A9B12FAA7B2200DD2D1C /* SpaghettiTimerWidget */ = {
			isa = PBXFileSystemSynchronizedRootGroup;
			exceptions = (
				7BA8A9C52FAA7B2300DD2D1C /* Exceptions for "SpaghettiTimerWidget" folder in "SpaghettiTimerWidgetExtension" target */,
			);
			path = SpaghettiTimerWidget;
			sourceTree = "<group>";
		};
		7BB56A622E3A2E54006CE2CC /* SpaghettiTimer */ = {
			isa = PBXFileSystemSynchronizedRootGroup;
			exceptions = (
				7BA8A9CE2FAA7C2700DD2D1C /* Exceptions for "SpaghettiTimer" folder in "SpaghettiTimerWidgetExtension" target */,
			);
			path = SpaghettiTimer;
			sourceTree = "<group>";
		};
/* End PBXFileSystemSynchronizedRootGroup section */

/* Begin PBXFrameworksBuildPhase section */
		7BA8A9A82FAA7B2200DD2D1C /* Frameworks */ = {
			isa = PBXFrameworksBuildPhase;
			buildActionMask = 2147483647;
			files = (
				7BA8A9B02FAA7B2200DD2D1C /* SwiftUI.framework in Frameworks */,
				7BA8A9AE2FAA7B2200DD2D1C /* WidgetKit.framework in Frameworks */,
			);
			runOnlyForDeploymentPostprocessing = 0;
		};
		7BB56A5D2E3A2E54006CE2CC /* Frameworks */ = {
			isa = PBXFrameworksBuildPhase;
			buildActionMask = 2147483647;
			files = (
			);
			runOnlyForDeploymentPostprocessing = 0;
		};
/* End PBXFrameworksBuildPhase section */

/* Begin PBXGroup section */
		7BA8A9AC2FAA7B2200DD2D1C /* Frameworks */ = {
			isa = PBXGroup;
			children = (
				7BA8A9AD2FAA7B2200DD2D1C /* WidgetKit.framework */,
				7BA8A9AF2FAA7B2200DD2D1C /* SwiftUI.framework */,
			);
			name = Frameworks;
			sourceTree = "<group>";
		};
		7BB56A572E3A2E54006CE2CC = {
			isa = PBXGroup;
			children = (
				7BA8A9D62FAA7D0D00DD2D1C /* SpaghettiTimerWidgetExtension.entitlements */,
				7BB56A622E3A2E54006CE2CC /* SpaghettiTimer */,
				7BA8A9B12FAA7B2200DD2D1C /* SpaghettiTimerWidget */,
				7BA8A9AC2FAA7B2200DD2D1C /* Frameworks */,
				7BB56A612E3A2E54006CE2CC /* Products */,
			);
			sourceTree = "<group>";
		};
		7BB56A612E3A2E54006CE2CC /* Products */ = {
			isa = PBXGroup;
			children = (
				7BB56A602E3A2E54006CE2CC /* SpaghettiTimer.app */,
				7BA8A9AB2FAA7B2200DD2D1C /* SpaghettiTimerWidgetExtension.appex */,
			);
			name = Products;
			sourceTree = "<group>";
		};
/* End PBXGroup section */

/* Begin PBXNativeTarget section */
		7BA8A9AA2FAA7B2200DD2D1C /* SpaghettiTimerWidgetExtension */ = {
			isa = PBXNativeTarget;
			buildConfigurationList = 7BA8A9C62FAA7B2300DD2D1C /* Build configuration list for PBXNativeTarget "SpaghettiTimerWidgetExtension" */;
			buildPhases = (
				7BA8A9A72FAA7B2200DD2D1C /* Sources */,
				7BA8A9A82FAA7B2200DD2D1C /* Frameworks */,
				7BA8A9A92FAA7B2200DD2D1C /* Resources */,
			);
			buildRules = (
			);
			dependencies = (
			);
			fileSystemSynchronizedGroups = (
				7BA8A9B12FAA7B2200DD2D1C /* SpaghettiTimerWidget */,
			);
			name = SpaghettiTimerWidgetExtension;
			packageProductDependencies = (
			);
			productName = SpaghettiTimerWidgetExtension;
			productReference = 7BA8A9AB2FAA7B2200DD2D1C /* SpaghettiTimerWidgetExtension.appex */;
			productType = "com.apple.product-type.app-extension";
		};
		7BB56A5F2E3A2E54006CE2CC /* SpaghettiTimer */ = {
			isa = PBXNativeTarget;
			buildConfigurationList = 7BB56A6E2E3A2E55006CE2CC /* Build configuration list for PBXNativeTarget "SpaghettiTimer" */;
			buildPhases = (
				7BB56A5C2E3A2E54006CE2CC /* Sources */,
				7BB56A5D2E3A2E54006CE2CC /* Frameworks */,
				7BB56A5E2E3A2E54006CE2CC /* Resources */,
				7BA8A9C22FAA7B2300DD2D1C /* Embed Foundation Extensions */,
			);
			buildRules = (
			);
			dependencies = (
				7BA8A9C02FAA7B2300DD2D1C /* PBXTargetDependency */,
			);
			fileSystemSynchronizedGroups = (
				7BB56A622E3A2E54006CE2CC /* SpaghettiTimer */,
			);
			name = SpaghettiTimer;
			packageProductDependencies = (
			);
			productName = SpaghettiTimer;
			productReference = 7BB56A602E3A2E54006CE2CC /* SpaghettiTimer.app */;
			productType = "com.apple.product-type.application";
		};
/* End PBXNativeTarget section */

/* Begin PBXProject section */
		7BB56A582E3A2E54006CE2CC /* Project object */ = {
			isa = PBXProject;
			attributes = {
				BuildIndependentTargetsInParallel = 1;
				LastSwiftUpdateCheck = 2630;
				LastUpgradeCheck = 2610;
				TargetAttributes = {
					7BA8A9AA2FAA7B2200DD2D1C = {
						CreatedOnToolsVersion = 26.3;
					};
					7BB56A5F2E3A2E54006CE2CC = {
						CreatedOnToolsVersion = 16.1;
					};
				};
			};
			buildConfigurationList = 7BB56A5B2E3A2E54006CE2CC /* Build configuration list for PBXProject "SpaghettiTimer" */;
			developmentRegion = en;
			hasScannedForEncodings = 0;
			knownRegions = (
				en,
				Base,
				ar,
				bg,
				cs,
				da,
				de,
				el,
				es,
				fi,
				fr,
				hu,
				it,
				ja,
				nb,
				nl,
				pl,
				"pt-PT",
				ro,
				ru,
				sk,
				sl,
				sr,
				sv,
			);
			mainGroup = 7BB56A572E3A2E54006CE2CC;
			minimizedProjectReferenceProxies = 1;
			preferredProjectObjectVersion = 77;
			productRefGroup = 7BB56A612E3A2E54006CE2CC /* Products */;
			projectDirPath = "";
			projectRoot = "";
			targets = (
				7BB56A5F2E3A2E54006CE2CC /* SpaghettiTimer */,
				7BA8A9AA2FAA7B2200DD2D1C /* SpaghettiTimerWidgetExtension */,
			);
		};
/* End PBXProject section */

/* Begin PBXResourcesBuildPhase section */
		7BA8A9A92FAA7B2200DD2D1C /* Resources */ = {
			isa = PBXResourcesBuildPhase;
			buildActionMask = 2147483647;
			files = (
			);
			runOnlyForDeploymentPostprocessing = 0;
		};
		7BB56A5E2E3A2E54006CE2CC /* Resources */ = {
			isa = PBXResourcesBuildPhase;
			buildActionMask = 2147483647;
			files = (
			);
			runOnlyForDeploymentPostprocessing = 0;
		};
/* End PBXResourcesBuildPhase section */

/* Begin PBXSourcesBuildPhase section */
		7BA8A9A72FAA7B2200DD2D1C /* Sources */ = {
			isa = PBXSourcesBuildPhase;
			buildActionMask = 2147483647;
			files = (
			);
			runOnlyForDeploymentPostprocessing = 0;
		};
		7BB56A5C2E3A2E54006CE2CC /* Sources */ = {
			isa = PBXSourcesBuildPhase;
			buildActionMask = 2147483647;
			files = (
			);
			runOnlyForDeploymentPostprocessing = 0;
		};
/* End PBXSourcesBuildPhase section */

/* Begin PBXTargetDependency section */
		7BA8A9C02FAA7B2300DD2D1C /* PBXTargetDependency */ = {
			isa = PBXTargetDependency;
			target = 7BA8A9AA2FAA7B2200DD2D1C /* SpaghettiTimerWidgetExtension */;
			targetProxy = 7BA8A9BF2FAA7B2300DD2D1C /* PBXContainerItemProxy */;
		};
/* End PBXTargetDependency section */

/* Begin XCBuildConfiguration section */
		7BA8A9C32FAA7B2300DD2D1C /* Debug */ = {
			isa = XCBuildConfiguration;
			buildSettings = {
				ASSETCATALOG_COMPILER_GLOBAL_ACCENT_COLOR_NAME = AccentColor;
				ASSETCATALOG_COMPILER_WIDGET_BACKGROUND_COLOR_NAME = WidgetBackground;
				CODE_SIGN_ENTITLEMENTS = SpaghettiTimerWidgetExtension.entitlements;
				CODE_SIGN_IDENTITY = "Apple Development";
				CODE_SIGN_STYLE = Automatic;
				CURRENT_PROJECT_VERSION = 4;
				DEVELOPMENT_TEAM = 77WE72Q47L;
				GENERATE_INFOPLIST_FILE = YES;
				INFOPLIST_FILE = SpaghettiTimerWidget/Info.plist;
				INFOPLIST_KEY_CFBundleDisplayName = SpaghettiTimerWidget;
				INFOPLIST_KEY_NSHumanReadableCopyright = "";
				IPHONEOS_DEPLOYMENT_TARGET = 26.2;
				LD_RUNPATH_SEARCH_PATHS = (
					"$(inherited)",
					"@executable_path/Frameworks",
					"@executable_path/../../Frameworks",
				);
				MARKETING_VERSION = 1.0;
				PRODUCT_BUNDLE_IDENTIFIER = sloba.SpaghettiTimer.SpaghettiTimerWidget;
				PRODUCT_NAME = "$(TARGET_NAME)";
				SKIP_INSTALL = YES;
				STRING_CATALOG_GENERATE_SYMBOLS = NO;
				SWIFT_APPROACHABLE_CONCURRENCY = YES;
				SWIFT_EMIT_LOC_STRINGS = YES;
				SWIFT_UPCOMING_FEATURE_MEMBER_IMPORT_VISIBILITY = YES;
				SWIFT_VERSION = 5.0;
				TARGETED_DEVICE_FAMILY = "1,2";
			};
			name = Debug;
		};
		7BA8A9C42FAA7B2300DD2D1C /* Release */ = {
			isa = XCBuildConfiguration;
			buildSettings = {
				ASSETCATALOG_COMPILER_GLOBAL_ACCENT_COLOR_NAME = AccentColor;
				ASSETCATALOG_COMPILER_WIDGET_BACKGROUND_COLOR_NAME = WidgetBackground;
				CODE_SIGN_ENTITLEMENTS = SpaghettiTimerWidgetExtension.entitlements;
				CODE_SIGN_IDENTITY = "Apple Development";
				CODE_SIGN_STYLE = Automatic;
				CURRENT_PROJECT_VERSION = 4;
				DEVELOPMENT_TEAM = 77WE72Q47L;
				GENERATE_INFOPLIST_FILE = YES;
				INFOPLIST_FILE = SpaghettiTimerWidget/Info.plist;
				INFOPLIST_KEY_CFBundleDisplayName = SpaghettiTimerWidget;
				INFOPLIST_KEY_NSHumanReadableCopyright = "";
				IPHONEOS_DEPLOYMENT_TARGET = 26.2;
				LD_RUNPATH_SEARCH_PATHS = (
					"$(inherited)",
					"@executable_path/Frameworks",
					"@executable_path/../../Frameworks",
				);
				MARKETING_VERSION = 1.0;
				PRODUCT_BUNDLE_IDENTIFIER = sloba.SpaghettiTimer.SpaghettiTimerWidget;
				PRODUCT_NAME = "$(TARGET_NAME)";
				SKIP_INSTALL = YES;
				STRING_CATALOG_GENERATE_SYMBOLS = NO;
				SWIFT_APPROACHABLE_CONCURRENCY = YES;
				SWIFT_EMIT_LOC_STRINGS = YES;
				SWIFT_UPCOMING_FEATURE_MEMBER_IMPORT_VISIBILITY = YES;
				SWIFT_VERSION = 5.0;
				TARGETED_DEVICE_FAMILY = "1,2";
			};
			name = Release;
		};
		7BB56A6C2E3A2E55006CE2CC /* Debug */ = {
			isa = XCBuildConfiguration;
			buildSettings = {
				ALWAYS_SEARCH_USER_PATHS = NO;
				ASSETCATALOG_COMPILER_GENERATE_SWIFT_ASSET_SYMBOL_EXTENSIONS = YES;
				CLANG_ANALYZER_NONNULL = YES;
				CLANG_ANALYZER_NUMBER_OBJECT_CONVERSION = YES_AGGRESSIVE;
				CLANG_CXX_LANGUAGE_STANDARD = "gnu++20";
				CLANG_ENABLE_MODULES = YES;
				CLANG_ENABLE_OBJC_ARC = YES;
				CLANG_ENABLE_OBJC_WEAK = YES;
				CLANG_WARN_BLOCK_CAPTURE_AUTORELEASING = YES;
				CLANG_WARN_BOOL_CONVERSION = YES;
				CLANG_WARN_COMMA = YES;
				CLANG_WARN_CONSTANT_CONVERSION = YES;
				CLANG_WARN_DEPRECATED_OBJC_IMPLEMENTATIONS = YES;
				CLANG_WARN_DIRECT_OBJC_ISA_USAGE = YES_ERROR;
				CLANG_WARN_DOCUMENTATION_COMMENTS = YES;
				CLANG_WARN_EMPTY_BODY = YES;
				CLANG_WARN_ENUM_CONVERSION = YES;
				CLANG_WARN_INFINITE_RECURSION = YES;
				CLANG_WARN_INT_CONVERSION = YES;
				CLANG_WARN_NON_LITERAL_NULL_CONVERSION = YES;
				CLANG_WARN_OBJC_IMPLICIT_RETAIN_SELF = YES;
				CLANG_WARN_OBJC_LITERAL_CONVERSION = YES;
				CLANG_WARN_OBJC_ROOT_CLASS = YES_ERROR;
				CLANG_WARN_QUOTED_INCLUDE_IN_FRAMEWORK_HEADER = YES;
				CLANG_WARN_RANGE_LOOP_ANALYSIS = YES;
				CLANG_WARN_STRICT_PROTOTYPES = YES;
				CLANG_WARN_SUSPICIOUS_MOVE = YES;
				CLANG_WARN_UNGUARDED_AVAILABILITY = YES_AGGRESSIVE;
				CLANG_WARN_UNREACHABLE_CODE = YES;
				CLANG_WARN__DUPLICATE_METHOD_MATCH = YES;
				COPY_PHASE_STRIP = NO;
				DEBUG_INFORMATION_FORMAT = dwarf;
				ENABLE_STRICT_OBJC_MSGSEND = YES;
				ENABLE_TESTABILITY = YES;
				ENABLE_USER_SCRIPT_SANDBOXING = YES;
				GCC_C_LANGUAGE_STANDARD = gnu17;
				GCC_DYNAMIC_NO_PIC = NO;
				GCC_NO_COMMON_BLOCKS = YES;
				GCC_OPTIMIZATION_LEVEL = 0;
				GCC_PREPROCESSOR_DEFINITIONS = (
					"DEBUG=1",
					"$(inherited)",
				);
				GCC_WARN_64_TO_32_BIT_CONVERSION = YES;
				GCC_WARN_ABOUT_RETURN_TYPE = YES_ERROR;
				GCC_WARN_UNDECLARED_SELECTOR = YES;
				GCC_WARN_UNINITIALIZED_AUTOS = YES_AGGRESSIVE;
				GCC_WARN_UNUSED_FUNCTION = YES;
				GCC_WARN_UNUSED_VARIABLE = YES;
				IPHONEOS_DEPLOYMENT_TARGET = 26.0;
				LOCALIZATION_PREFERS_STRING_CATALOGS = YES;
				MTL_ENABLE_DEBUG_INFO = INCLUDE_SOURCE;
				MTL_FAST_MATH = YES;
				ONLY_ACTIVE_ARCH = YES;
				SDKROOT = iphoneos;
				STRING_CATALOG_GENERATE_SYMBOLS = NO;
				SWIFT_ACTIVE_COMPILATION_CONDITIONS = "DEBUG $(inherited)";
				SWIFT_APPROACHABLE_CONCURRENCY = YES;
				SWIFT_DEFAULT_ACTOR_ISOLATION = MainActor;
				SWIFT_OPTIMIZATION_LEVEL = "-Onone";
				SWIFT_STRICT_CONCURRENCY = complete;
			};
			name = Debug;
		};
		7BB56A6D2E3A2E55006CE2CC /* Release */ = {
			isa = XCBuildConfiguration;
			buildSettings = {
				ALWAYS_SEARCH_USER_PATHS = NO;
				ASSETCATALOG_COMPILER_GENERATE_SWIFT_ASSET_SYMBOL_EXTENSIONS = YES;
				CLANG_ANALYZER_NONNULL = YES;
				CLANG_ANALYZER_NUMBER_OBJECT_CONVERSION = YES_AGGRESSIVE;
				CLANG_CXX_LANGUAGE_STANDARD = "gnu++20";
				CLANG_ENABLE_MODULES = YES;
				CLANG_ENABLE_OBJC_ARC = YES;
				CLANG_ENABLE_OBJC_WEAK = YES;
				CLANG_WARN_BLOCK_CAPTURE_AUTORELEASING = YES;
				CLANG_WARN_BOOL_CONVERSION = YES;
				CLANG_WARN_COMMA = YES;
				CLANG_WARN_CONSTANT_CONVERSION = YES;
				CLANG_WARN_DEPRECATED_OBJC_IMPLEMENTATIONS = YES;
				CLANG_WARN_DIRECT_OBJC_ISA_USAGE = YES_ERROR;
				CLANG_WARN_DOCUMENTATION_COMMENTS = YES;
				CLANG_WARN_EMPTY_BODY = YES;
				CLANG_WARN_ENUM_CONVERSION = YES;
				CLANG_WARN_INFINITE_RECURSION = YES;
				CLANG_WARN_INT_CONVERSION = YES;
				CLANG_WARN_NON_LITERAL_NULL_CONVERSION = YES;
				CLANG_WARN_OBJC_IMPLICIT_RETAIN_SELF = YES;
				CLANG_WARN_OBJC_LITERAL_CONVERSION = YES;
				CLANG_WARN_OBJC_ROOT_CLASS = YES_ERROR;
				CLANG_WARN_QUOTED_INCLUDE_IN_FRAMEWORK_HEADER = YES;
				CLANG_WARN_RANGE_LOOP_ANALYSIS = YES;
				CLANG_WARN_STRICT_PROTOTYPES = YES;
				CLANG_WARN_SUSPICIOUS_MOVE = YES;
				CLANG_WARN_UNGUARDED_AVAILABILITY = YES_AGGRESSIVE;
				CLANG_WARN_UNREACHABLE_CODE = YES;
				CLANG_WARN__DUPLICATE_METHOD_MATCH = YES;
				COPY_PHASE_STRIP = NO;
				DEBUG_INFORMATION_FORMAT = "dwarf-with-dsym";
				ENABLE_NS_ASSERTIONS = NO;
				ENABLE_STRICT_OBJC_MSGSEND = YES;
				ENABLE_USER_SCRIPT_SANDBOXING = YES;
				GCC_C_LANGUAGE_STANDARD = gnu17;
				GCC_NO_COMMON_BLOCKS = YES;
				GCC_WARN_64_TO_32_BIT_CONVERSION = YES;
				GCC_WARN_ABOUT_RETURN_TYPE = YES_ERROR;
				GCC_WARN_UNDECLARED_SELECTOR = YES;
				GCC_WARN_UNINITIALIZED_AUTOS = YES_AGGRESSIVE;
				GCC_WARN_UNUSED_FUNCTION = YES;
				GCC_WARN_UNUSED_VARIABLE = YES;
				IPHONEOS_DEPLOYMENT_TARGET = 26.0;
				LOCALIZATION_PREFERS_STRING_CATALOGS = YES;
				MTL_ENABLE_DEBUG_INFO = NO;
				MTL_FAST_MATH = YES;
				SDKROOT = iphoneos;
				STRING_CATALOG_GENERATE_SYMBOLS = NO;
				SWIFT_APPROACHABLE_CONCURRENCY = YES;
				SWIFT_COMPILATION_MODE = wholemodule;
				SWIFT_DEFAULT_ACTOR_ISOLATION = MainActor;
				SWIFT_STRICT_CONCURRENCY = complete;
				VALIDATE_PRODUCT = YES;
			};
			name = Release;
		};
		7BB56A6F2E3A2E55006CE2CC /* Debug */ = {
			isa = XCBuildConfiguration;
			buildSettings = {
				ASSETCATALOG_COMPILER_APPICON_NAME = AppIcon;
				ASSETCATALOG_COMPILER_GLOBAL_ACCENT_COLOR_NAME = AccentColor;
				CODE_SIGN_ENTITLEMENTS = SpaghettiTimer/SpaghettiTimer.entitlements;
				CODE_SIGN_IDENTITY = "Apple Development";
				CODE_SIGN_STYLE = Automatic;
				CURRENT_PROJECT_VERSION = 4;
				DEVELOPMENT_ASSET_PATHS = "\"SpaghettiTimer/Preview Content\"";
				DEVELOPMENT_TEAM = 77WE72Q47L;
				ENABLE_PREVIEWS = YES;
				GENERATE_INFOPLIST_FILE = NO;
				INFOPLIST_FILE = Info.plist;
				INFOPLIST_KEY_CFBundleDisplayName = "Spaghetti Timer";
				INFOPLIST_KEY_LSApplicationCategoryType = "public.app-category.productivity";
				IPHONEOS_DEPLOYMENT_TARGET = 26.0;
				LD_RUNPATH_SEARCH_PATHS = (
					"$(inherited)",
					"@executable_path/Frameworks",
				);
				MARKETING_VERSION = 1.0;
				PRODUCT_BUNDLE_IDENTIFIER = sloba.SpaghettiTimer;
				PRODUCT_NAME = "$(TARGET_NAME)";
				PROVISIONING_PROFILE_SPECIFIER = "";
				SUPPORTED_PLATFORMS = "iphoneos iphonesimulator";
				SUPPORTS_MACCATALYST = NO;
				SUPPORTS_MAC_DESIGNED_FOR_IPHONE_IPAD = NO;
				SUPPORTS_XR_DESIGNED_FOR_IPHONE_IPAD = NO;
				SWIFT_EMIT_LOC_STRINGS = YES;
				SWIFT_VERSION = 6.0;
				TARGETED_DEVICE_FAMILY = "1,2";
			};
			name = Debug;
		};
		7BB56A702E3A2E55006CE2CC /* Release */ = {
			isa = XCBuildConfiguration;
			buildSettings = {
				ASSETCATALOG_COMPILER_APPICON_NAME = AppIcon;
				ASSETCATALOG_COMPILER_GLOBAL_ACCENT_COLOR_NAME = AccentColor;
				CODE_SIGN_ENTITLEMENTS = SpaghettiTimer/SpaghettiTimer.entitlements;
				CODE_SIGN_IDENTITY = "Apple Development";
				CODE_SIGN_STYLE = Automatic;
				CURRENT_PROJECT_VERSION = 4;
				DEVELOPMENT_ASSET_PATHS = "\"SpaghettiTimer/Preview Content\"";
				DEVELOPMENT_TEAM = 77WE72Q47L;
				ENABLE_PREVIEWS = YES;
				GENERATE_INFOPLIST_FILE = NO;
				INFOPLIST_FILE = Info.plist;
				INFOPLIST_KEY_CFBundleDisplayName = "Spaghetti Timer";
				INFOPLIST_KEY_LSApplicationCategoryType = "public.app-category.productivity";
				IPHONEOS_DEPLOYMENT_TARGET = 26.0;
				LD_RUNPATH_SEARCH_PATHS = (
					"$(inherited)",
					"@executable_path/Frameworks",
				);
				MARKETING_VERSION = 1.0;
				PRODUCT_BUNDLE_IDENTIFIER = sloba.SpaghettiTimer;
				PRODUCT_NAME = "$(TARGET_NAME)";
				PROVISIONING_PROFILE_SPECIFIER = "";
				SUPPORTED_PLATFORMS = "iphoneos iphonesimulator";
				SUPPORTS_MACCATALYST = NO;
				SUPPORTS_MAC_DESIGNED_FOR_IPHONE_IPAD = NO;
				SUPPORTS_XR_DESIGNED_FOR_IPHONE_IPAD = NO;
				SWIFT_EMIT_LOC_STRINGS = YES;
				SWIFT_VERSION = 6.0;
				TARGETED_DEVICE_FAMILY = "1,2";
			};
			name = Release;
		};
/* End XCBuildConfiguration section */

/* Begin XCConfigurationList section */
		7BA8A9C62FAA7B2300DD2D1C /* Build configuration list for PBXNativeTarget "SpaghettiTimerWidgetExtension" */ = {
			isa = XCConfigurationList;
			buildConfigurations = (
				7BA8A9C32FAA7B2300DD2D1C /* Debug */,
				7BA8A9C42FAA7B2300DD2D1C /* Release */,
			);
			defaultConfigurationIsVisible = 0;
			defaultConfigurationName = Release;
		};
		7BB56A5B2E3A2E54006CE2CC /* Build configuration list for PBXProject "SpaghettiTimer" */ = {
			isa = XCConfigurationList;
			buildConfigurations = (
				7BB56A6C2E3A2E55006CE2CC /* Debug */,
				7BB56A6D2E3A2E55006CE2CC /* Release */,
			);
			defaultConfigurationIsVisible = 0;
			defaultConfigurationName = Release;
		};
		7BB56A6E2E3A2E55006CE2CC /* Build configuration list for PBXNativeTarget "SpaghettiTimer" */ = {
			isa = XCConfigurationList;
			buildConfigurations = (
				7BB56A6F2E3A2E55006CE2CC /* Debug */,
				7BB56A702E3A2E55006CE2CC /* Release */,
			);
			defaultConfigurationIsVisible = 0;
			defaultConfigurationName = Release;
		};
/* End XCConfigurationList section */
	};
	rootObject = 7BB56A582E3A2E54006CE2CC /* Project object */;
}
